
Microsoft Visual Studio Solution File, Format Version 12.00
# Visual Studio Version 16
VisualStudioVersion = 16.0.32901.82
MinimumVisualStudioVersion = 10.0.40219.1
Project("{FAE04EC0-301F-11D3-BF4B-00C04F79EFBC}") = "WenhaoLu-Assign1", "WenhaoLu-Assign1\WenhaoLu-Assign1.csproj", "{F7C01523-3C8C-43B0-BB2F-7AE30F7DF487}"
EndProject
Global
	GlobalSection(SolutionConfigurationPlatforms) = preSolution
		Debug|Any CPU = Debug|Any CPU
		Release|Any CPU = Release|Any CPU
	EndGlobalSection
	GlobalSection(ProjectConfigurationPlatforms) = postSolution
		{F7C01523-3C8C-43B0-BB2F-7AE30F7DF487}.Debug|Any CPU.ActiveCfg = Debug|Any CPU
		{F7C01523-3C8C-43B0-BB2F-7AE30F7DF487}.Debug|Any CPU.Build.0 = Debug|Any CPU
		{F7C01523-3C8C-43B0-BB2F-7AE30F7DF487}.Release|Any CPU.ActiveCfg = Release|Any CPU
		{F7C01523-3C8C-43B0-BB2F-7AE30F7DF487}.Release|Any CPU.Build.0 = Release|Any CPU
	EndGlobalSection
	GlobalSection(SolutionProperties) = preSolution
		HideSolutionNode = FALSE
	EndGlobalSection
	GlobalSection(ExtensibilityGlobals) = postSolution
		SolutionGuid = {B66DB934-7065-4440-8CCC-A5FAE5F1C928}
	EndGlobalSection
EndGlobal
